
Microsoft Visual Studio Solution File, Format Version 12.00
# Visual Studio Version 17
VisualStudioVersion = 17.6.33829.357
MinimumVisualStudioVersion = 10.0.40219.1
Project("{FAE04EC0-301F-11D3-BF4B-00C04F79EFBC}") = "form_database", "form_database\form_database.csproj", "{2296EF9E-E2BE-4468-9AA5-18478A799411}"
EndProject
Global
	GlobalSection(SolutionConfigurationPlatforms) = preSolution
		Debug|Any CPU = Debug|Any CPU
		Release|Any CPU = Release|Any CPU
	EndGlobalSection
	GlobalSection(ProjectConfigurationPlatforms) = postSolution
		{2296EF9E-E2BE-4468-9AA5-18478A799411}.Debug|Any CPU.ActiveCfg = Debug|Any CPU
		{2296EF9E-E2BE-4468-9AA5-18478A799411}.Debug|Any CPU.Build.0 = Debug|Any CPU
		{2296EF9E-E2BE-4468-9AA5-18478A799411}.Release|Any CPU.ActiveCfg = Release|Any CPU
		{2296EF9E-E2BE-4468-9AA5-18478A799411}.Release|Any CPU.Build.0 = Release|Any CPU
	EndGlobalSection
	GlobalSection(SolutionProperties) = preSolution
		HideSolutionNode = FALSE
	EndGlobalSection
	GlobalSection(ExtensibilityGlobals) = postSolution
		SolutionGuid = {034DBE85-DDAC-4ED1-85A9-9F322DF2B60C}
	EndGlobalSection
EndGlobal
