
Microsoft Visual Studio Solution File, Format Version 12.00
# Visual Studio 15
VisualStudioVersion = 15.0.28307.960
MinimumVisualStudioVersion = 10.0.40219.1
Project("{FAE04EC0-301F-11D3-BF4B-00C04F79EFBC}") = "Filemanagment", "Filemanagment\Filemanagment.csproj", "{541788FB-8C09-4327-80E2-22F98FB2C633}"
EndProject
Global
	GlobalSection(SolutionConfigurationPlatforms) = preSolution
		Debug|Any CPU = Debug|Any CPU
		Release|Any CPU = Release|Any CPU
	EndGlobalSection
	GlobalSection(ProjectConfigurationPlatforms) = postSolution
		{541788FB-8C09-4327-80E2-22F98FB2C633}.Debug|Any CPU.ActiveCfg = Debug|Any CPU
		{541788FB-8C09-4327-80E2-22F98FB2C633}.Debug|Any CPU.Build.0 = Debug|Any CPU
		{541788FB-8C09-4327-80E2-22F98FB2C633}.Release|Any CPU.ActiveCfg = Release|Any CPU
		{541788FB-8C09-4327-80E2-22F98FB2C633}.Release|Any CPU.Build.0 = Release|Any CPU
	EndGlobalSection
	GlobalSection(SolutionProperties) = preSolution
		HideSolutionNode = FALSE
	EndGlobalSection
	GlobalSection(ExtensibilityGlobals) = postSolution
		SolutionGuid = {A796406A-26B9-4AAF-A87B-58878DD43342}
	EndGlobalSection
EndGlobal
