
Microsoft Visual Studio Solution File, Format Version 12.00
# Visual Studio 15
VisualStudioVersion = 15.0.28307.960
MinimumVisualStudioVersion = 10.0.40219.1
Project("{FAE04EC0-301F-11D3-BF4B-00C04F79EFBC}") = "WebApplication1", "WebApplication1\WebApplication1.csproj", "{62B6041B-3CAE-4722-84BF-39DED2612DE9}"
EndProject
Global
	GlobalSection(SolutionConfigurationPlatforms) = preSolution
		Debug|Any CPU = Debug|Any CPU
		Release|Any CPU = Release|Any CPU
	EndGlobalSection
	GlobalSection(ProjectConfigurationPlatforms) = postSolution
		{62B6041B-3CAE-4722-84BF-39DED2612DE9}.Debug|Any CPU.ActiveCfg = Debug|Any CPU
		{62B6041B-3CAE-4722-84BF-39DED2612DE9}.Debug|Any CPU.Build.0 = Debug|Any CPU
		{62B6041B-3CAE-4722-84BF-39DED2612DE9}.Release|Any CPU.ActiveCfg = Release|Any CPU
		{62B6041B-3CAE-4722-84BF-39DED2612DE9}.Release|Any CPU.Build.0 = Release|Any CPU
	EndGlobalSection
	GlobalSection(SolutionProperties) = preSolution
		HideSolutionNode = FALSE
	EndGlobalSection
	GlobalSection(ExtensibilityGlobals) = postSolution
		SolutionGuid = {B4869C03-829B-4417-BED8-E0ECED293BEF}
	EndGlobalSection
EndGlobal
